Microsoft Visual Studio Solution File, Format Version 12.00
# Visual Studio Version 16
VisualStudioVersion = 16.0.0.0
MinimumVisualStudioVersion = 16.0.0.0
Project("{9A19103F-16F7-4668-BE54-9A1E7A4F7556}") = "MiniTwitApi.Server", "Server\MiniTwitApi.Server.csproj", "{CCBC695E-532C-4C64-9AB3-6949DA832F58}"
EndProject
Project("{9A19103F-16F7-4668-BE54-9A1E7A4F7556}") = "MiniTwitApi.Client", "Client\MiniTwitApi.Client.csproj", "{12FF3A75-C571-41BB-9881-71E1A0468666}"
EndProject
Project("{9A19103F-16F7-4668-BE54-9A1E7A4F7556}") = "MiniTwitApi.Shared", "Shared\MiniTwitApi.Shared.csproj", "{5A805C64-F298-43A3-8FB1-9796F5F29D86}"
EndProject
Project("{FAE04EC0-301F-11D3-BF4B-00C04F79EFBC}") = "MiniTwitApi.Tests", "..\MiniTwitApi.Tests\MiniTwitApi.Tests.csproj", "{5AAABEBF-F980-4ABC-9BF8-34A5BAC0BA9E}"
EndProject
Project("{FAE04EC0-301F-11D3-BF4B-00C04F79EFBC}") = "MiniTwitChatClient", "MiniTwitChatClient\MiniTwitChatClient.csproj", "{9E808458-A6F2-4A65-801A-3263AF0A8E25}"
EndProject
Global
	GlobalSection(SolutionConfigurationPlatforms) = preSolution
		Debug|Any CPU = Debug|Any CPU
		Debug|x64 = Debug|x64
		Debug|x86 = Debug|x86
		Release|Any CPU = Release|Any CPU
		Release|x64 = Release|x64
		Release|x86 = Release|x86
	EndGlobalSection
	GlobalSection(ProjectConfigurationPlatforms) = postSolution
		{12FF3A75-C571-41BB-9881-71E1A0468666}.Debug|Any CPU.ActiveCfg = Debug|Any CPU
		{12FF3A75-C571-41BB-9881-71E1A0468666}.Debug|Any CPU.Build.0 = Debug|Any CPU
		{12FF3A75-C571-41BB-9881-71E1A0468666}.Debug|x64.ActiveCfg = Debug|Any CPU
		{12FF3A75-C571-41BB-9881-71E1A0468666}.Debug|x64.Build.0 = Debug|Any CPU
		{12FF3A75-C571-41BB-9881-71E1A0468666}.Debug|x86.ActiveCfg = Debug|Any CPU
		{12FF3A75-C571-41BB-9881-71E1A0468666}.Debug|x86.Build.0 = Debug|Any CPU
		{12FF3A75-C571-41BB-9881-71E1A0468666}.Release|Any CPU.ActiveCfg = Release|Any CPU
		{12FF3A75-C571-41BB-9881-71E1A0468666}.Release|Any CPU.Build.0 = Release|Any CPU
		{12FF3A75-C571-41BB-9881-71E1A0468666}.Release|x64.ActiveCfg = Release|Any CPU
		{12FF3A75-C571-41BB-9881-71E1A0468666}.Release|x64.Build.0 = Release|Any CPU
		{12FF3A75-C571-41BB-9881-71E1A0468666}.Release|x86.ActiveCfg = Release|Any CPU
		{12FF3A75-C571-41BB-9881-71E1A0468666}.Release|x86.Build.0 = Release|Any CPU
		{CCBC695E-532C-4C64-9AB3-6949DA832F58}.Debug|Any CPU.ActiveCfg = Debug|Any CPU
		{CCBC695E-532C-4C64-9AB3-6949DA832F58}.Debug|Any CPU.Build.0 = Debug|Any CPU
		{CCBC695E-532C-4C64-9AB3-6949DA832F58}.Debug|x64.ActiveCfg = Debug|Any CPU
		{CCBC695E-532C-4C64-9AB3-6949DA832F58}.Debug|x64.Build.0 = Debug|Any CPU
		{CCBC695E-532C-4C64-9AB3-6949DA832F58}.Debug|x86.ActiveCfg = Debug|Any CPU
		{CCBC695E-532C-4C64-9AB3-6949DA832F58}.Debug|x86.Build.0 = Debug|Any CPU
		{CCBC695E-532C-4C64-9AB3-6949DA832F58}.Release|Any CPU.ActiveCfg = Release|Any CPU
		{CCBC695E-532C-4C64-9AB3-6949DA832F58}.Release|Any CPU.Build.0 = Release|Any CPU
		{CCBC695E-532C-4C64-9AB3-6949DA832F58}.Release|x64.ActiveCfg = Release|Any CPU
		{CCBC695E-532C-4C64-9AB3-6949DA832F58}.Release|x64.Build.0 = Release|Any CPU
		{CCBC695E-532C-4C64-9AB3-6949DA832F58}.Release|x86.ActiveCfg = Release|Any CPU
		{CCBC695E-532C-4C64-9AB3-6949DA832F58}.Release|x86.Build.0 = Release|Any CPU
		{5A805C64-F298-43A3-8FB1-9796F5F29D86}.Debug|Any CPU.ActiveCfg = Debug|Any CPU
		{5A805C64-F298-43A3-8FB1-9796F5F29D86}.Debug|Any CPU.Build.0 = Debug|Any CPU
		{5A805C64-F298-43A3-8FB1-9796F5F29D86}.Debug|x64.ActiveCfg = Debug|Any CPU
		{5A805C64-F298-43A3-8FB1-9796F5F29D86}.Debug|x64.Build.0 = Debug|Any CPU
		{5A805C64-F298-43A3-8FB1-9796F5F29D86}.Debug|x86.ActiveCfg = Debug|Any CPU
		{5A805C64-F298-43A3-8FB1-9796F5F29D86}.Debug|x86.Build.0 = Debug|Any CPU
		{5A805C64-F298-43A3-8FB1-9796F5F29D86}.Release|Any CPU.ActiveCfg = Release|Any CPU
		{5A805C64-F298-43A3-8FB1-9796F5F29D86}.Release|Any CPU.Build.0 = Release|Any CPU
		{5A805C64-F298-43A3-8FB1-9796F5F29D86}.Release|x64.ActiveCfg = Release|Any CPU
		{5A805C64-F298-43A3-8FB1-9796F5F29D86}.Release|x64.Build.0 = Release|Any CPU
		{5A805C64-F298-43A3-8FB1-9796F5F29D86}.Release|x86.ActiveCfg = Release|Any CPU
		{5A805C64-F298-43A3-8FB1-9796F5F29D86}.Release|x86.Build.0 = Release|Any CPU
		{5AAABEBF-F980-4ABC-9BF8-34A5BAC0BA9E}.Debug|Any CPU.ActiveCfg = Debug|Any CPU
		{5AAABEBF-F980-4ABC-9BF8-34A5BAC0BA9E}.Debug|Any CPU.Build.0 = Debug|Any CPU
		{5AAABEBF-F980-4ABC-9BF8-34A5BAC0BA9E}.Debug|x64.ActiveCfg = Debug|Any CPU
		{5AAABEBF-F980-4ABC-9BF8-34A5BAC0BA9E}.Debug|x64.Build.0 = Debug|Any CPU
		{5AAABEBF-F980-4ABC-9BF8-34A5BAC0BA9E}.Debug|x86.ActiveCfg = Debug|Any CPU
		{5AAABEBF-F980-4ABC-9BF8-34A5BAC0BA9E}.Debug|x86.Build.0 = Debug|Any CPU
		{5AAABEBF-F980-4ABC-9BF8-34A5BAC0BA9E}.Release|Any CPU.ActiveCfg = Release|Any CPU
		{5AAABEBF-F980-4ABC-9BF8-34A5BAC0BA9E}.Release|Any CPU.Build.0 = Release|Any CPU
		{5AAABEBF-F980-4ABC-9BF8-34A5BAC0BA9E}.Release|x64.ActiveCfg = Release|Any CPU
		{5AAABEBF-F980-4ABC-9BF8-34A5BAC0BA9E}.Release|x64.Build.0 = Release|Any CPU
		{5AAABEBF-F980-4ABC-9BF8-34A5BAC0BA9E}.Release|x86.ActiveCfg = Release|Any CPU
		{5AAABEBF-F980-4ABC-9BF8-34A5BAC0BA9E}.Release|x86.Build.0 = Release|Any CPU
		{59CBBBCB-F3AB-48CA-B5F9-66A540F11ED8}.Debug|Any CPU.ActiveCfg = Debug|Any CPU
		{59CBBBCB-F3AB-48CA-B5F9-66A540F11ED8}.Debug|Any CPU.Build.0 = Debug|Any CPU
		{59CBBBCB-F3AB-48CA-B5F9-66A540F11ED8}.Debug|x64.ActiveCfg = Debug|Any CPU
		{59CBBBCB-F3AB-48CA-B5F9-66A540F11ED8}.Debug|x64.Build.0 = Debug|Any CPU
		{59CBBBCB-F3AB-48CA-B5F9-66A540F11ED8}.Debug|x86.ActiveCfg = Debug|Any CPU
		{59CBBBCB-F3AB-48CA-B5F9-66A540F11ED8}.Debug|x86.Build.0 = Debug|Any CPU
		{59CBBBCB-F3AB-48CA-B5F9-66A540F11ED8}.Release|Any CPU.ActiveCfg = Release|Any CPU
		{59CBBBCB-F3AB-48CA-B5F9-66A540F11ED8}.Release|Any CPU.Build.0 = Release|Any CPU
		{59CBBBCB-F3AB-48CA-B5F9-66A540F11ED8}.Release|x64.ActiveCfg = Release|Any CPU
		{59CBBBCB-F3AB-48CA-B5F9-66A540F11ED8}.Release|x64.Build.0 = Release|Any CPU
		{59CBBBCB-F3AB-48CA-B5F9-66A540F11ED8}.Release|x86.ActiveCfg = Release|Any CPU
		{59CBBBCB-F3AB-48CA-B5F9-66A540F11ED8}.Release|x86.Build.0 = Release|Any CPU
		{9E808458-A6F2-4A65-801A-3263AF0A8E25}.Debug|Any CPU.ActiveCfg = Debug|Any CPU
		{9E808458-A6F2-4A65-801A-3263AF0A8E25}.Debug|Any CPU.Build.0 = Debug|Any CPU
		{9E808458-A6F2-4A65-801A-3263AF0A8E25}.Debug|x64.ActiveCfg = Debug|Any CPU
		{9E808458-A6F2-4A65-801A-3263AF0A8E25}.Debug|x64.Build.0 = Debug|Any CPU
		{9E808458-A6F2-4A65-801A-3263AF0A8E25}.Debug|x86.ActiveCfg = Debug|Any CPU
		{9E808458-A6F2-4A65-801A-3263AF0A8E25}.Debug|x86.Build.0 = Debug|Any CPU
		{9E808458-A6F2-4A65-801A-3263AF0A8E25}.Release|Any CPU.ActiveCfg = Release|Any CPU
		{9E808458-A6F2-4A65-801A-3263AF0A8E25}.Release|Any CPU.Build.0 = Release|Any CPU
		{9E808458-A6F2-4A65-801A-3263AF0A8E25}.Release|x64.ActiveCfg = Release|Any CPU
		{9E808458-A6F2-4A65-801A-3263AF0A8E25}.Release|x64.Build.0 = Release|Any CPU
		{9E808458-A6F2-4A65-801A-3263AF0A8E25}.Release|x86.ActiveCfg = Release|Any CPU
		{9E808458-A6F2-4A65-801A-3263AF0A8E25}.Release|x86.Build.0 = Release|Any CPU
	EndGlobalSection
	GlobalSection(SolutionProperties) = preSolution
		HideSolutionNode = FALSE
	EndGlobalSection
	GlobalSection(ExtensibilityGlobals) = postSolution
		SolutionGuid = {52233522-4C41-4614-989E-63BC18AD9EA8}
	EndGlobalSection
EndGlobal
